
Microsoft Visual Studio Solution File, Format Version 12.00
# Visual Studio Version 17
VisualStudioVersion = 17.14.36511.14
MinimumVisualStudioVersion = 10.0.40219.1
Project("{FAE04EC0-301F-11D3-BF4B-00C04F79EFBC}") = "RealEstateAgency.Domain", "RealEstateAgency.Domain\RealEstateAgency.Domain.csproj", "{1234F733-C5AE-4E94-ACE4-D101E5329F05}"
EndProject
Project("{FAE04EC0-301F-11D3-BF4B-00C04F79EFBC}") = "RealEstateAgency.Tests", "RealEstateAgency.tests\RealEstateAgency.Tests.csproj", "{7765762D-A8C1-45D9-B0B4-78F8B9113164}"
EndProject
Project("{FAE04EC0-301F-11D3-BF4B-00C04F79EFBC}") = "RealEstateAgency.WebApi", "RealEstateAgency.WebApi\RealEstateAgency.WebApi.csproj", "{A5622F52-8268-4A23-BAA9-14E126720CCE}"
EndProject
Project("{FAE04EC0-301F-11D3-BF4B-00C04F79EFBC}") = "RealEstateAgency.WebApi.Tests", "RealEstateAgency.WebApi.Tests\RealEstateAgency.WebApi.Tests.csproj", "{0FDB0730-11C8-4AC7-91B1-90128F25329F}"
EndProject
Project("{FAE04EC0-301F-11D3-BF4B-00C04F79EFBC}") = "RealEstateAgency.AppHost", "RealEstateAgency.AppHost\RealEstateAgency.AppHost.csproj", "{21B7597A-0E5F-45D7-92D3-721A578B6F0C}"
EndProject
Project("{FAE04EC0-301F-11D3-BF4B-00C04F79EFBC}") = "RealEstateAgency.ServiceDefaults", "RealEstateAgency.ServiceDefaults\RealEstateAgency.ServiceDefaults.csproj", "{594B532D-3208-489C-8ECD-268A92D92F3B}"
EndProject
Global
	GlobalSection(SolutionConfigurationPlatforms) = preSolution
		Debug|Any CPU = Debug|Any CPU
		Debug|x64 = Debug|x64
		Debug|x86 = Debug|x86
		Release|Any CPU = Release|Any CPU
		Release|x64 = Release|x64
		Release|x86 = Release|x86
	EndGlobalSection
	GlobalSection(ProjectConfigurationPlatforms) = postSolution
		{1234F733-C5AE-4E94-ACE4-D101E5329F05}.Debug|Any CPU.ActiveCfg = Debug|Any CPU
		{1234F733-C5AE-4E94-ACE4-D101E5329F05}.Debug|Any CPU.Build.0 = Debug|Any CPU
		{1234F733-C5AE-4E94-ACE4-D101E5329F05}.Debug|x64.ActiveCfg = Debug|Any CPU
		{1234F733-C5AE-4E94-ACE4-D101E5329F05}.Debug|x64.Build.0 = Debug|Any CPU
		{1234F733-C5AE-4E94-ACE4-D101E5329F05}.Debug|x86.ActiveCfg = Debug|Any CPU
		{1234F733-C5AE-4E94-ACE4-D101E5329F05}.Debug|x86.Build.0 = Debug|Any CPU
		{1234F733-C5AE-4E94-ACE4-D101E5329F05}.Release|Any CPU.ActiveCfg = Release|Any CPU
		{1234F733-C5AE-4E94-ACE4-D101E5329F05}.Release|Any CPU.Build.0 = Release|Any CPU
		{1234F733-C5AE-4E94-ACE4-D101E5329F05}.Release|x64.ActiveCfg = Release|Any CPU
		{1234F733-C5AE-4E94-ACE4-D101E5329F05}.Release|x64.Build.0 = Release|Any CPU
		{1234F733-C5AE-4E94-ACE4-D101E5329F05}.Release|x86.ActiveCfg = Release|Any CPU
		{1234F733-C5AE-4E94-ACE4-D101E5329F05}.Release|x86.Build.0 = Release|Any CPU
		{7765762D-A8C1-45D9-B0B4-78F8B9113164}.Debug|Any CPU.ActiveCfg = Debug|Any CPU
		{7765762D-A8C1-45D9-B0B4-78F8B9113164}.Debug|Any CPU.Build.0 = Debug|Any CPU
		{7765762D-A8C1-45D9-B0B4-78F8B9113164}.Debug|x64.ActiveCfg = Debug|Any CPU
		{7765762D-A8C1-45D9-B0B4-78F8B9113164}.Debug|x64.Build.0 = Debug|Any CPU
		{7765762D-A8C1-45D9-B0B4-78F8B9113164}.Debug|x86.ActiveCfg = Debug|Any CPU
		{7765762D-A8C1-45D9-B0B4-78F8B9113164}.Debug|x86.Build.0 = Debug|Any CPU
		{7765762D-A8C1-45D9-B0B4-78F8B9113164}.Release|Any CPU.ActiveCfg = Release|Any CPU
		{7765762D-A8C1-45D9-B0B4-78F8B9113164}.Release|Any CPU.Build.0 = Release|Any CPU
		{7765762D-A8C1-45D9-B0B4-78F8B9113164}.Release|x64.ActiveCfg = Release|Any CPU
		{7765762D-A8C1-45D9-B0B4-78F8B9113164}.Release|x64.Build.0 = Release|Any CPU
		{7765762D-A8C1-45D9-B0B4-78F8B9113164}.Release|x86.ActiveCfg = Release|Any CPU
		{7765762D-A8C1-45D9-B0B4-78F8B9113164}.Release|x86.Build.0 = Release|Any CPU
		{A5622F52-8268-4A23-BAA9-14E126720CCE}.Debug|Any CPU.ActiveCfg = Debug|Any CPU
		{A5622F52-8268-4A23-BAA9-14E126720CCE}.Debug|Any CPU.Build.0 = Debug|Any CPU
		{A5622F52-8268-4A23-BAA9-14E126720CCE}.Debug|x64.ActiveCfg = Debug|Any CPU
		{A5622F52-8268-4A23-BAA9-14E126720CCE}.Debug|x64.Build.0 = Debug|Any CPU
		{A5622F52-8268-4A23-BAA9-14E126720CCE}.Debug|x86.ActiveCfg = Debug|Any CPU
		{A5622F52-8268-4A23-BAA9-14E126720CCE}.Debug|x86.Build.0 = Debug|Any CPU
		{A5622F52-8268-4A23-BAA9-14E126720CCE}.Release|Any CPU.ActiveCfg = Release|Any CPU
		{A5622F52-8268-4A23-BAA9-14E126720CCE}.Release|Any CPU.Build.0 = Release|Any CPU
		{A5622F52-8268-4A23-BAA9-14E126720CCE}.Release|x64.ActiveCfg = Release|Any CPU
		{A5622F52-8268-4A23-BAA9-14E126720CCE}.Release|x64.Build.0 = Release|Any CPU
		{A5622F52-8268-4A23-BAA9-14E126720CCE}.Release|x86.ActiveCfg = Release|Any CPU
		{A5622F52-8268-4A23-BAA9-14E126720CCE}.Release|x86.Build.0 = Release|Any CPU
		{0FDB0730-11C8-4AC7-91B1-90128F25329F}.Debug|Any CPU.ActiveCfg = Debug|Any CPU
		{0FDB0730-11C8-4AC7-91B1-90128F25329F}.Debug|Any CPU.Build.0 = Debug|Any CPU
		{0FDB0730-11C8-4AC7-91B1-90128F25329F}.Debug|x64.ActiveCfg = Debug|Any CPU
		{0FDB0730-11C8-4AC7-91B1-90128F25329F}.Debug|x64.Build.0 = Debug|Any CPU
		{0FDB0730-11C8-4AC7-91B1-90128F25329F}.Debug|x86.ActiveCfg = Debug|Any CPU
		{0FDB0730-11C8-4AC7-91B1-90128F25329F}.Debug|x86.Build.0 = Debug|Any CPU
		{0FDB0730-11C8-4AC7-91B1-90128F25329F}.Release|Any CPU.ActiveCfg = Release|Any CPU
		{0FDB0730-11C8-4AC7-91B1-90128F25329F}.Release|Any CPU.Build.0 = Release|Any CPU
		{0FDB0730-11C8-4AC7-91B1-90128F25329F}.Release|x64.ActiveCfg = Release|Any CPU
		{0FDB0730-11C8-4AC7-91B1-90128F25329F}.Release|x64.Build.0 = Release|Any CPU
		{0FDB0730-11C8-4AC7-91B1-90128F25329F}.Release|x86.ActiveCfg = Release|Any CPU
		{0FDB0730-11C8-4AC7-91B1-90128F25329F}.Release|x86.Build.0 = Release|Any CPU
		{21B7597A-0E5F-45D7-92D3-721A578B6F0C}.Debug|Any CPU.ActiveCfg = Debug|Any CPU
		{21B7597A-0E5F-45D7-92D3-721A578B6F0C}.Debug|Any CPU.Build.0 = Debug|Any CPU
		{21B7597A-0E5F-45D7-92D3-721A578B6F0C}.Debug|x64.ActiveCfg = Debug|Any CPU
		{21B7597A-0E5F-45D7-92D3-721A578B6F0C}.Debug|x64.Build.0 = Debug|Any CPU
		{21B7597A-0E5F-45D7-92D3-721A578B6F0C}.Debug|x86.ActiveCfg = Debug|Any CPU
		{21B7597A-0E5F-45D7-92D3-721A578B6F0C}.Debug|x86.Build.0 = Debug|Any CPU
		{21B7597A-0E5F-45D7-92D3-721A578B6F0C}.Release|Any CPU.ActiveCfg = Release|Any CPU
		{21B7597A-0E5F-45D7-92D3-721A578B6F0C}.Release|Any CPU.Build.0 = Release|Any CPU
		{21B7597A-0E5F-45D7-92D3-721A578B6F0C}.Release|x64.ActiveCfg = Release|Any CPU
		{21B7597A-0E5F-45D7-92D3-721A578B6F0C}.Release|x64.Build.0 = Release|Any CPU
		{21B7597A-0E5F-45D7-92D3-721A578B6F0C}.Release|x86.ActiveCfg = Release|Any CPU
		{21B7597A-0E5F-45D7-92D3-721A578B6F0C}.Release|x86.Build.0 = Release|Any CPU
		{594B532D-3208-489C-8ECD-268A92D92F3B}.Debug|Any CPU.ActiveCfg = Debug|Any CPU
		{594B532D-3208-489C-8ECD-268A92D92F3B}.Debug|Any CPU.Build.0 = Debug|Any CPU
		{594B532D-3208-489C-8ECD-268A92D92F3B}.Debug|x64.ActiveCfg = Debug|Any CPU
		{594B532D-3208-489C-8ECD-268A92D92F3B}.Debug|x64.Build.0 = Debug|Any CPU
		{594B532D-3208-489C-8ECD-268A92D92F3B}.Debug|x86.ActiveCfg = Debug|Any CPU
		{594B532D-3208-489C-8ECD-268A92D92F3B}.Debug|x86.Build.0 = Debug|Any CPU
		{594B532D-3208-489C-8ECD-268A92D92F3B}.Release|Any CPU.ActiveCfg = Release|Any CPU
		{594B532D-3208-489C-8ECD-268A92D92F3B}.Release|Any CPU.Build.0 = Release|Any CPU
		{594B532D-3208-489C-8ECD-268A92D92F3B}.Release|x64.ActiveCfg = Release|Any CPU
		{594B532D-3208-489C-8ECD-268A92D92F3B}.Release|x64.Build.0 = Release|Any CPU
		{594B532D-3208-489C-8ECD-268A92D92F3B}.Release|x86.ActiveCfg = Release|Any CPU
		{594B532D-3208-489C-8ECD-268A92D92F3B}.Release|x86.Build.0 = Release|Any CPU
	EndGlobalSection
	GlobalSection(SolutionProperties) = preSolution
		HideSolutionNode = FALSE
	EndGlobalSection
	GlobalSection(ExtensibilityGlobals) = postSolution
		SolutionGuid = {E24CBC08-6B7C-4EE7-808D-C12F305323B9}
	EndGlobalSection
EndGlobal
